// !$*UTF8*$!
{
	archiveVersion = 1;
	classes = {
	};
	objectVersion = 56;
	objects = {

/* Begin PBXBuildFile section */
		8E8B6FAA2A5EE71C007FEAC3 /* SwiftUI_StudyApp.swift in Sources */ = {isa = PBXBuildFile; fileRef = 8E8B6FA92A5EE71C007FEAC3 /* SwiftUI_StudyApp.swift */; };
		8E8B6FAC2A5EE71C007FEAC3 /* ContentView.swift in Sources */ = {isa = PBXBuildFile; fileRef = 8E8B6FAB2A5EE71C007FEAC3 /* ContentView.swift */; };
		8E8B6FAE2A5EE71E007FEAC3 /* Assets.xcassets in Resources */ = {isa = PBXBuildFile; fileRef = 8E8B6FAD2A5EE71E007FEAC3 /* Assets.xcassets */; };
		8E8B6FB12A5EE71E007FEAC3 /* Preview Assets.xcassets in Resources */ = {isa = PBXBuildFile; fileRef = 8E8B6FB02A5EE71E007FEAC3 /* Preview Assets.xcassets */; };
		8E90C4EF2A8CFAEB007FB02F /* Preview.swift in Sources */ = {isa = PBXBuildFile; fileRef = 8E90C4EE2A8CFAEB007FB02F /* Preview.swift */; };
		8E90C4F12A8CFE66007FB02F /* HomeView.swift in Sources */ = {isa = PBXBuildFile; fileRef = 8E90C4F02A8CFE66007FB02F /* HomeView.swift */; };
		8E90C4F32A8CFE73007FB02F /* HomeState.swift in Sources */ = {isa = PBXBuildFile; fileRef = 8E90C4F22A8CFE73007FB02F /* HomeState.swift */; };
		8E90C4F72A8CFFA6007FB02F /* UIView+Modifiers.swift in Sources */ = {isa = PBXBuildFile; fileRef = 8E90C4F62A8CFFA6007FB02F /* UIView+Modifiers.swift */; };
		8E9184042A8D0A7A00802BDD /* UISscreen.swift in Sources */ = {isa = PBXBuildFile; fileRef = 8E9184032A8D0A7A00802BDD /* UISscreen.swift */; };
		8E9DC8392A8E855E00B12EF7 /* StarView.swift in Sources */ = {isa = PBXBuildFile; fileRef = 8E9DC8382A8E855E00B12EF7 /* StarView.swift */; };
		8E9DC83B2A8E85EE00B12EF7 /* TernaryExample.swift in Sources */ = {isa = PBXBuildFile; fileRef = 8E9DC83A2A8E85EE00B12EF7 /* TernaryExample.swift */; };
		8E9DC83D2A8E867B00B12EF7 /* AnimationTimingExample.swift in Sources */ = {isa = PBXBuildFile; fileRef = 8E9DC83C2A8E867B00B12EF7 /* AnimationTimingExample.swift */; };
		8E9DC83F2A8E86E500B12EF7 /* TransitionExample.swift in Sources */ = {isa = PBXBuildFile; fileRef = 8E9DC83E2A8E86E500B12EF7 /* TransitionExample.swift */; };
		8E9DC8412A8E875200B12EF7 /* LongPressGestureExample.swift in Sources */ = {isa = PBXBuildFile; fileRef = 8E9DC8402A8E875200B12EF7 /* LongPressGestureExample.swift */; };
		8E9DC8432A8E87A000B12EF7 /* BackgroundThreadViewModel.swift in Sources */ = {isa = PBXBuildFile; fileRef = 8E9DC8422A8E87A000B12EF7 /* BackgroundThreadViewModel.swift */; };
		8E9DC8452A8E882100B12EF7 /* Background_OverlayExample.swift in Sources */ = {isa = PBXBuildFile; fileRef = 8E9DC8442A8E882100B12EF7 /* Background_OverlayExample.swift */; };
		8EE963F22A8A5AF700767F66 /* View+PreviewDevice.swift in Sources */ = {isa = PBXBuildFile; fileRef = 8EE963F12A8A5AF700767F66 /* View+PreviewDevice.swift */; };
		8EE963F42A8A6AAE00767F66 /* Modifies+View.swift in Sources */ = {isa = PBXBuildFile; fileRef = 8EE963F32A8A6AAE00767F66 /* Modifies+View.swift */; };
/* End PBXBuildFile section */

/* Begin PBXFileReference section */
		8E8B6FA62A5EE71C007FEAC3 /* SwiftUI_Study.app */ = {isa = PBXFileReference; explicitFileType = wrapper.application; includeInIndex = 0; path = SwiftUI_Study.app; sourceTree = BUILT_PRODUCTS_DIR; };
		8E8B6FA92A5EE71C007FEAC3 /* SwiftUI_StudyApp.swift */ = {isa = PBXFileReference; lastKnownFileType = sourcecode.swift; path = SwiftUI_StudyApp.swift; sourceTree = "<group>"; };
		8E8B6FAB2A5EE71C007FEAC3 /* ContentView.swift */ = {isa = PBXFileReference; lastKnownFileType = sourcecode.swift; path = ContentView.swift; sourceTree = "<group>"; };
		8E8B6FAD2A5EE71E007FEAC3 /* Assets.xcassets */ = {isa = PBXFileReference; lastKnownFileType = folder.assetcatalog; path = Assets.xcassets; sourceTree = "<group>"; };
		8E8B6FB02A5EE71E007FEAC3 /* Preview Assets.xcassets */ = {isa = PBXFileReference; lastKnownFileType = folder.assetcatalog; path = "Preview Assets.xcassets"; sourceTree = "<group>"; };
		8E90C4EE2A8CFAEB007FB02F /* Preview.swift */ = {isa = PBXFileReference; lastKnownFileType = sourcecode.swift; path = Preview.swift; sourceTree = "<group>"; };
		8E90C4F02A8CFE66007FB02F /* HomeView.swift */ = {isa = PBXFileReference; lastKnownFileType = sourcecode.swift; path = HomeView.swift; sourceTree = "<group>"; };
		8E90C4F22A8CFE73007FB02F /* HomeState.swift */ = {isa = PBXFileReference; lastKnownFileType = sourcecode.swift; path = HomeState.swift; sourceTree = "<group>"; };
		8E90C4F62A8CFFA6007FB02F /* UIView+Modifiers.swift */ = {isa = PBXFileReference; lastKnownFileType = sourcecode.swift; path = "UIView+Modifiers.swift"; sourceTree = "<group>"; };
		8E9184032A8D0A7A00802BDD /* UISscreen.swift */ = {isa = PBXFileReference; lastKnownFileType = sourcecode.swift; path = UISscreen.swift; sourceTree = "<group>"; };
		8E9DC8382A8E855E00B12EF7 /* StarView.swift */ = {isa = PBXFileReference; lastKnownFileType = sourcecode.swift; path = StarView.swift; sourceTree = "<group>"; };
		8E9DC83A2A8E85EE00B12EF7 /* TernaryExample.swift */ = {isa = PBXFileReference; lastKnownFileType = sourcecode.swift; path = TernaryExample.swift; sourceTree = "<group>"; };
		8E9DC83C2A8E867B00B12EF7 /* AnimationTimingExample.swift */ = {isa = PBXFileReference; lastKnownFileType = sourcecode.swift; path = AnimationTimingExample.swift; sourceTree = "<group>"; };
		8E9DC83E2A8E86E500B12EF7 /* TransitionExample.swift */ = {isa = PBXFileReference; lastKnownFileType = sourcecode.swift; path = TransitionExample.swift; sourceTree = "<group>"; };
		8E9DC8402A8E875200B12EF7 /* LongPressGestureExample.swift */ = {isa = PBXFileReference; lastKnownFileType = sourcecode.swift; path = LongPressGestureExample.swift; sourceTree = "<group>"; };
		8E9DC8422A8E87A000B12EF7 /* BackgroundThreadViewModel.swift */ = {isa = PBXFileReference; lastKnownFileType = sourcecode.swift; path = BackgroundThreadViewModel.swift; sourceTree = "<group>"; };
		8E9DC8442A8E882100B12EF7 /* Background_OverlayExample.swift */ = {isa = PBXFileReference; lastKnownFileType = sourcecode.swift; path = Background_OverlayExample.swift; sourceTree = "<group>"; };
		8EE963F12A8A5AF700767F66 /* View+PreviewDevice.swift */ = {isa = PBXFileReference; lastKnownFileType = sourcecode.swift; path = "View+PreviewDevice.swift"; sourceTree = "<group>"; };
		8EE963F32A8A6AAE00767F66 /* Modifies+View.swift */ = {isa = PBXFileReference; lastKnownFileType = sourcecode.swift; path = "Modifies+View.swift"; sourceTree = "<group>"; };
/* End PBXFileReference section */

/* Begin PBXFrameworksBuildPhase section */
		8E8B6FA32A5EE71C007FEAC3 /* Frameworks */ = {
			isa = PBXFrameworksBuildPhase;
			buildActionMask = 2147483647;
			files = (
			);
			runOnlyForDeploymentPostprocessing = 0;
		};
/* End PBXFrameworksBuildPhase section */

/* Begin PBXGroup section */
		8E8B6F9D2A5EE71C007FEAC3 = {
			isa = PBXGroup;
			children = (
				8E90C4F52A8CFF98007FB02F /* Extension */,
				8E8B6FA82A5EE71C007FEAC3 /* SwiftUI_Study */,
				8E8B6FA72A5EE71C007FEAC3 /* Products */,
			);
			sourceTree = "<group>";
		};
		8E8B6FA72A5EE71C007FEAC3 /* Products */ = {
			isa = PBXGroup;
			children = (
				8E8B6FA62A5EE71C007FEAC3 /* SwiftUI_Study.app */,
			);
			name = Products;
			sourceTree = "<group>";
		};
		8E8B6FA82A5EE71C007FEAC3 /* SwiftUI_Study */ = {
			isa = PBXGroup;
			children = (
				8E9DC8372A8E855300B12EF7 /* Views */,
				8EE963F02A8A5AC300767F66 /* PreviewDevices */,
				8E8B6FA92A5EE71C007FEAC3 /* SwiftUI_StudyApp.swift */,
				8E8B6FAB2A5EE71C007FEAC3 /* ContentView.swift */,
				8E90C4F42A8CFEB7007FB02F /* Home */,
				8E8B6FAD2A5EE71E007FEAC3 /* Assets.xcassets */,
				8E8B6FAF2A5EE71E007FEAC3 /* Preview Content */,
			);
			path = SwiftUI_Study;
			sourceTree = "<group>";
		};
		8E8B6FAF2A5EE71E007FEAC3 /* Preview Content */ = {
			isa = PBXGroup;
			children = (
				8E8B6FB02A5EE71E007FEAC3 /* Preview Assets.xcassets */,
			);
			path = "Preview Content";
			sourceTree = "<group>";
		};
		8E90C4F42A8CFEB7007FB02F /* Home */ = {
			isa = PBXGroup;
			children = (
				8E90C4F02A8CFE66007FB02F /* HomeView.swift */,
				8E90C4F22A8CFE73007FB02F /* HomeState.swift */,
			);
			path = Home;
			sourceTree = "<group>";
		};
		8E90C4F52A8CFF98007FB02F /* Extension */ = {
			isa = PBXGroup;
			children = (
				8E90C4F62A8CFFA6007FB02F /* UIView+Modifiers.swift */,
				8E9184032A8D0A7A00802BDD /* UISscreen.swift */,
				8E90C4EE2A8CFAEB007FB02F /* Preview.swift */,
			);
			path = Extension;
			sourceTree = "<group>";
		};
		8E9DC8372A8E855300B12EF7 /* Views */ = {
			isa = PBXGroup;
			children = (
				8E9DC8382A8E855E00B12EF7 /* StarView.swift */,
				8E9DC83A2A8E85EE00B12EF7 /* TernaryExample.swift */,
				8E9DC83C2A8E867B00B12EF7 /* AnimationTimingExample.swift */,
				8E9DC83E2A8E86E500B12EF7 /* TransitionExample.swift */,
				8E9DC8402A8E875200B12EF7 /* LongPressGestureExample.swift */,
				8E9DC8422A8E87A000B12EF7 /* BackgroundThreadViewModel.swift */,
				8E9DC8442A8E882100B12EF7 /* Background_OverlayExample.swift */,
			);
			path = Views;
			sourceTree = "<group>";
		};
		8EE963F02A8A5AC300767F66 /* PreviewDevices */ = {
			isa = PBXGroup;
			children = (
				8EE963F12A8A5AF700767F66 /* View+PreviewDevice.swift */,
				8EE963F32A8A6AAE00767F66 /* Modifies+View.swift */,
			);
			path = PreviewDevices;
			sourceTree = "<group>";
		};
/* End PBXGroup section */

/* Begin PBXNativeTarget section */
		8E8B6FA52A5EE71C007FEAC3 /* SwiftUI_Study */ = {
			isa = PBXNativeTarget;
			buildConfigurationList = 8E8B6FB42A5EE71E007FEAC3 /* Build configuration list for PBXNativeTarget "SwiftUI_Study" */;
			buildPhases = (
				8E8B6FA22A5EE71C007FEAC3 /* Sources */,
				8E8B6FA32A5EE71C007FEAC3 /* Frameworks */,
				8E8B6FA42A5EE71C007FEAC3 /* Resources */,
			);
			buildRules = (
			);
			dependencies = (
			);
			name = SwiftUI_Study;
			packageProductDependencies = (
			);
			productName = SwiftUI_Study;
			productReference = 8E8B6FA62A5EE71C007FEAC3 /* SwiftUI_Study.app */;
			productType = "com.apple.product-type.application";
		};
/* End PBXNativeTarget section */

/* Begin PBXProject section */
		8E8B6F9E2A5EE71C007FEAC3 /* Project object */ = {
			isa = PBXProject;
			attributes = {
				BuildIndependentTargetsInParallel = 1;
				LastSwiftUpdateCheck = 1400;
				LastUpgradeCheck = 1400;
				TargetAttributes = {
					8E8B6FA52A5EE71C007FEAC3 = {
						CreatedOnToolsVersion = 14.0.1;
					};
				};
			};
			buildConfigurationList = 8E8B6FA12A5EE71C007FEAC3 /* Build configuration list for PBXProject "SwiftUI_Study" */;
			compatibilityVersion = "Xcode 14.0";
			developmentRegion = en;
			hasScannedForEncodings = 0;
			knownRegions = (
				en,
				Base,
			);
			mainGroup = 8E8B6F9D2A5EE71C007FEAC3;
			packageReferences = (
			);
			productRefGroup = 8E8B6FA72A5EE71C007FEAC3 /* Products */;
			projectDirPath = "";
			projectRoot = "";
			targets = (
				8E8B6FA52A5EE71C007FEAC3 /* SwiftUI_Study */,
			);
		};
/* End PBXProject section */

/* Begin PBXResourcesBuildPhase section */
		8E8B6FA42A5EE71C007FEAC3 /* Resources */ = {
			isa = PBXResourcesBuildPhase;
			buildActionMask = 2147483647;
			files = (
				8E8B6FB12A5EE71E007FEAC3 /* Preview Assets.xcassets in Resources */,
				8E8B6FAE2A5EE71E007FEAC3 /* Assets.xcassets in Resources */,
			);
			runOnlyForDeploymentPostprocessing = 0;
		};
/* End PBXResourcesBuildPhase section */

/* Begin PBXSourcesBuildPhase section */
		8E8B6FA22A5EE71C007FEAC3 /* Sources */ = {
			isa = PBXSourcesBuildPhase;
			buildActionMask = 2147483647;
			files = (
				8E90C4F32A8CFE73007FB02F /* HomeState.swift in Sources */,
				8E9DC8432A8E87A000B12EF7 /* BackgroundThreadViewModel.swift in Sources */,
				8E8B6FAC2A5EE71C007FEAC3 /* ContentView.swift in Sources */,
				8E9DC83F2A8E86E500B12EF7 /* TransitionExample.swift in Sources */,
				8E8B6FAA2A5EE71C007FEAC3 /* SwiftUI_StudyApp.swift in Sources */,
				8E90C4F12A8CFE66007FB02F /* HomeView.swift in Sources */,
				8E9184042A8D0A7A00802BDD /* UISscreen.swift in Sources */,
				8E9DC8452A8E882100B12EF7 /* Background_OverlayExample.swift in Sources */,
				8E90C4EF2A8CFAEB007FB02F /* Preview.swift in Sources */,
				8EE963F42A8A6AAE00767F66 /* Modifies+View.swift in Sources */,
				8EE963F22A8A5AF700767F66 /* View+PreviewDevice.swift in Sources */,
				8E9DC8412A8E875200B12EF7 /* LongPressGestureExample.swift in Sources */,
				8E9DC8392A8E855E00B12EF7 /* StarView.swift in Sources */,
				8E90C4F72A8CFFA6007FB02F /* UIView+Modifiers.swift in Sources */,
				8E9DC83B2A8E85EE00B12EF7 /* TernaryExample.swift in Sources */,
				8E9DC83D2A8E867B00B12EF7 /* AnimationTimingExample.swift in Sources */,
			);
			runOnlyForDeploymentPostprocessing = 0;
		};
/* End PBXSourcesBuildPhase section */

/* Begin XCBuildConfiguration section */
		8E8B6FB22A5EE71E007FEAC3 /* Debug */ = {
			isa = XCBuildConfiguration;
			buildSettings = {
				ALWAYS_SEARCH_USER_PATHS = NO;
				CLANG_ANALYZER_NONNULL = YES;
				CLANG_ANALYZER_NUMBER_OBJECT_CONVERSION = YES_AGGRESSIVE;
				CLANG_CXX_LANGUAGE_STANDARD = "gnu++20";
				CLANG_ENABLE_MODULES = YES;
				CLANG_ENABLE_OBJC_ARC = YES;
				CLANG_ENABLE_OBJC_WEAK = YES;
				CLANG_WARN_BLOCK_CAPTURE_AUTORELEASING = YES;
				CLANG_WARN_BOOL_CONVERSION = YES;
				CLANG_WARN_COMMA = YES;
				CLANG_WARN_CONSTANT_CONVERSION = YES;
				CLANG_WARN_DEPRECATED_OBJC_IMPLEMENTATIONS = YES;
				CLANG_WARN_DIRECT_OBJC_ISA_USAGE = YES_ERROR;
				CLANG_WARN_DOCUMENTATION_COMMENTS = YES;
				CLANG_WARN_EMPTY_BODY = YES;
				CLANG_WARN_ENUM_CONVERSION = YES;
				CLANG_WARN_INFINITE_RECURSION = YES;
				CLANG_WARN_INT_CONVERSION = YES;
				CLANG_WARN_NON_LITERAL_NULL_CONVERSION = YES;
				CLANG_WARN_OBJC_IMPLICIT_RETAIN_SELF = YES;
				CLANG_WARN_OBJC_LITERAL_CONVERSION = YES;
				CLANG_WARN_OBJC_ROOT_CLASS = YES_ERROR;
				CLANG_WARN_QUOTED_INCLUDE_IN_FRAMEWORK_HEADER = YES;
				CLANG_WARN_RANGE_LOOP_ANALYSIS = YES;
				CLANG_WARN_STRICT_PROTOTYPES = YES;
				CLANG_WARN_SUSPICIOUS_MOVE = YES;
				CLANG_WARN_UNGUARDED_AVAILABILITY = YES_AGGRESSIVE;
				CLANG_WARN_UNREACHABLE_CODE = YES;
				CLANG_WARN__DUPLICATE_METHOD_MATCH = YES;
				COPY_PHASE_STRIP = NO;
				DEBUG_INFORMATION_FORMAT = dwarf;
				ENABLE_STRICT_OBJC_MSGSEND = YES;
				ENABLE_TESTABILITY = YES;
				GCC_C_LANGUAGE_STANDARD = gnu11;
				GCC_DYNAMIC_NO_PIC = NO;
				GCC_NO_COMMON_BLOCKS = YES;
				GCC_OPTIMIZATION_LEVEL = 0;
				GCC_PREPROCESSOR_DEFINITIONS = (
					"DEBUG=1",
					"$(inherited)",
				);
				GCC_WARN_64_TO_32_BIT_CONVERSION = YES;
				GCC_WARN_ABOUT_RETURN_TYPE = YES_ERROR;
				GCC_WARN_UNDECLARED_SELECTOR = YES;
				GCC_WARN_UNINITIALIZED_AUTOS = YES_AGGRESSIVE;
				GCC_WARN_UNUSED_FUNCTION = YES;
				GCC_WARN_UNUSED_VARIABLE = YES;
				IPHONEOS_DEPLOYMENT_TARGET = 16.0;
				MTL_ENABLE_DEBUG_INFO = INCLUDE_SOURCE;
				MTL_FAST_MATH = YES;
				ONLY_ACTIVE_ARCH = YES;
				SDKROOT = iphoneos;
				SWIFT_ACTIVE_COMPILATION_CONDITIONS = DEBUG;
				SWIFT_OPTIMIZATION_LEVEL = "-Onone";
			};
			name = Debug;
		};
		8E8B6FB32A5EE71E007FEAC3 /* Release */ = {
			isa = XCBuildConfiguration;
			buildSettings = {
				ALWAYS_SEARCH_USER_PATHS = NO;
				CLANG_ANALYZER_NONNULL = YES;
				CLANG_ANALYZER_NUMBER_OBJECT_CONVERSION = YES_AGGRESSIVE;
				CLANG_CXX_LANGUAGE_STANDARD = "gnu++20";
				CLANG_ENABLE_MODULES = YES;
				CLANG_ENABLE_OBJC_ARC = YES;
				CLANG_ENABLE_OBJC_WEAK = YES;
				CLANG_WARN_BLOCK_CAPTURE_AUTORELEASING = YES;
				CLANG_WARN_BOOL_CONVERSION = YES;
				CLANG_WARN_COMMA = YES;
				CLANG_WARN_CONSTANT_CONVERSION = YES;
				CLANG_WARN_DEPRECATED_OBJC_IMPLEMENTATIONS = YES;
				CLANG_WARN_DIRECT_OBJC_ISA_USAGE = YES_ERROR;
				CLANG_WARN_DOCUMENTATION_COMMENTS = YES;
				CLANG_WARN_EMPTY_BODY = YES;
				CLANG_WARN_ENUM_CONVERSION = YES;
				CLANG_WARN_INFINITE_RECURSION = YES;
				CLANG_WARN_INT_CONVERSION = YES;
				CLANG_WARN_NON_LITERAL_NULL_CONVERSION = YES;
				CLANG_WARN_OBJC_IMPLICIT_RETAIN_SELF = YES;
				CLANG_WARN_OBJC_LITERAL_CONVERSION = YES;
				CLANG_WARN_OBJC_ROOT_CLASS = YES_ERROR;
				CLANG_WARN_QUOTED_INCLUDE_IN_FRAMEWORK_HEADER = YES;
				CLANG_WARN_RANGE_LOOP_ANALYSIS = YES;
				CLANG_WARN_STRICT_PROTOTYPES = YES;
				CLANG_WARN_SUSPICIOUS_MOVE = YES;
				CLANG_WARN_UNGUARDED_AVAILABILITY = YES_AGGRESSIVE;
				CLANG_WARN_UNREACHABLE_CODE = YES;
				CLANG_WARN__DUPLICATE_METHOD_MATCH = YES;
				COPY_PHASE_STRIP = NO;
				DEBUG_INFORMATION_FORMAT = "dwarf-with-dsym";
				ENABLE_NS_ASSERTIONS = NO;
				ENABLE_STRICT_OBJC_MSGSEND = YES;
				GCC_C_LANGUAGE_STANDARD = gnu11;
				GCC_NO_COMMON_BLOCKS = YES;
				GCC_WARN_64_TO_32_BIT_CONVERSION = YES;
				GCC_WARN_ABOUT_RETURN_TYPE = YES_ERROR;
				GCC_WARN_UNDECLARED_SELECTOR = YES;
				GCC_WARN_UNINITIALIZED_AUTOS = YES_AGGRESSIVE;
				GCC_WARN_UNUSED_FUNCTION = YES;
				GCC_WARN_UNUSED_VARIABLE = YES;
				IPHONEOS_DEPLOYMENT_TARGET = 16.0;
				MTL_ENABLE_DEBUG_INFO = NO;
				MTL_FAST_MATH = YES;
				SDKROOT = iphoneos;
				SWIFT_COMPILATION_MODE = wholemodule;
				SWIFT_OPTIMIZATION_LEVEL = "-O";
				VALIDATE_PRODUCT = YES;
			};
			name = Release;
		};
		8E8B6FB52A5EE71E007FEAC3 /* Debug */ = {
			isa = XCBuildConfiguration;
			buildSettings = {
				ASSETCATALOG_COMPILER_APPICON_NAME = AppIcon;
				ASSETCATALOG_COMPILER_GLOBAL_ACCENT_COLOR_NAME = AccentColor;
				CODE_SIGN_STYLE = Automatic;
				CURRENT_PROJECT_VERSION = 1;
				DEVELOPMENT_ASSET_PATHS = "\"SwiftUI_Study/Preview Content\"";
				DEVELOPMENT_TEAM = 44KB27KZ38;
				ENABLE_PREVIEWS = YES;
				GENERATE_INFOPLIST_FILE = YES;
				INFOPLIST_KEY_UIApplicationSceneManifest_Generation = YES;
				INFOPLIST_KEY_UIApplicationSupportsIndirectInputEvents = YES;
				INFOPLIST_KEY_UILaunchScreen_Generation = YES;
				INFOPLIST_KEY_UISupportedInterfaceOrientations_iPad = "UIInterfaceOrientationPortrait UIInterfaceOrientationPortraitUpsideDown UIInterfaceOrientationLandscapeLeft UIInterfaceOrientationLandscapeRight";
				INFOPLIST_KEY_UISupportedInterfaceOrientations_iPhone = "UIInterfaceOrientationPortrait UIInterfaceOrientationLandscapeLeft UIInterfaceOrientationLandscapeRight";
				LD_RUNPATH_SEARCH_PATHS = (
					"$(inherited)",
					"@executable_path/Frameworks",
				);
				MARKETING_VERSION = 1.0;
				PRODUCT_BUNDLE_IDENTIFIER = "sang-truong.text2005.SwiftUI-Study";
				PRODUCT_NAME = "$(TARGET_NAME)";
				SWIFT_EMIT_LOC_STRINGS = YES;
				SWIFT_VERSION = 5.0;
				TARGETED_DEVICE_FAMILY = "1,2";
			};
			name = Debug;
		};
		8E8B6FB62A5EE71E007FEAC3 /* Release */ = {
			isa = XCBuildConfiguration;
			buildSettings = {
				ASSETCATALOG_COMPILER_APPICON_NAME = AppIcon;
				ASSETCATALOG_COMPILER_GLOBAL_ACCENT_COLOR_NAME = AccentColor;
				CODE_SIGN_STYLE = Automatic;
				CURRENT_PROJECT_VERSION = 1;
				DEVELOPMENT_ASSET_PATHS = "\"SwiftUI_Study/Preview Content\"";
				DEVELOPMENT_TEAM = 44KB27KZ38;
				ENABLE_PREVIEWS = YES;
				GENERATE_INFOPLIST_FILE = YES;
				INFOPLIST_KEY_UIApplicationSceneManifest_Generation = YES;
				INFOPLIST_KEY_UIApplicationSupportsIndirectInputEvents = YES;
				INFOPLIST_KEY_UILaunchScreen_Generation = YES;
				INFOPLIST_KEY_UISupportedInterfaceOrientations_iPad = "UIInterfaceOrientationPortrait UIInterfaceOrientationPortraitUpsideDown UIInterfaceOrientationLandscapeLeft UIInterfaceOrientationLandscapeRight";
				INFOPLIST_KEY_UISupportedInterfaceOrientations_iPhone = "UIInterfaceOrientationPortrait UIInterfaceOrientationLandscapeLeft UIInterfaceOrientationLandscapeRight";
				LD_RUNPATH_SEARCH_PATHS = (
					"$(inherited)",
					"@executable_path/Frameworks",
				);
				MARKETING_VERSION = 1.0;
				PRODUCT_BUNDLE_IDENTIFIER = "sang-truong.text2005.SwiftUI-Study";
				PRODUCT_NAME = "$(TARGET_NAME)";
				SWIFT_EMIT_LOC_STRINGS = YES;
				SWIFT_VERSION = 5.0;
				TARGETED_DEVICE_FAMILY = "1,2";
			};
			name = Release;
		};
/* End XCBuildConfiguration section */

/* Begin XCConfigurationList section */
		8E8B6FA12A5EE71C007FEAC3 /* Build configuration list for PBXProject "SwiftUI_Study" */ = {
			isa = XCConfigurationList;
			buildConfigurations = (
				8E8B6FB22A5EE71E007FEAC3 /* Debug */,
				8E8B6FB32A5EE71E007FEAC3 /* Release */,
			);
			defaultConfigurationIsVisible = 0;
			defaultConfigurationName = Release;
		};
		8E8B6FB42A5EE71E007FEAC3 /* Build configuration list for PBXNativeTarget "SwiftUI_Study" */ = {
			isa = XCConfigurationList;
			buildConfigurations = (
				8E8B6FB52A5EE71E007FEAC3 /* Debug */,
				8E8B6FB62A5EE71E007FEAC3 /* Release */,
			);
			defaultConfigurationIsVisible = 0;
			defaultConfigurationName = Release;
		};
/* End XCConfigurationList section */
	};
	rootObject = 8E8B6F9E2A5EE71C007FEAC3 /* Project object */;
}
